
Microsoft Visual Studio Solution File, Format Version 12.00
# Visual Studio 15
VisualStudioVersion = 15.0.28307.489
MinimumVisualStudioVersion = 10.0.40219.1
Project("{FAE04EC0-301F-11D3-BF4B-00C04F79EFBC}") = "ZaposleniMVC", "ZaposleniMVC\ZaposleniMVC.csproj", "{08D382E4-93C0-47EF-B5A5-743CEA451921}"
EndProject
Project("{FAE04EC0-301F-11D3-BF4B-00C04F79EFBC}") = "Domen", "Domen\Domen.csproj", "{8ECE51FD-ED1D-4FD4-ADC6-C60EDB35B251}"
EndProject
Global
	GlobalSection(SolutionConfigurationPlatforms) = preSolution
		Debug|Any CPU = Debug|Any CPU
		Release|Any CPU = Release|Any CPU
	EndGlobalSection
	GlobalSection(ProjectConfigurationPlatforms) = postSolution
		{08D382E4-93C0-47EF-B5A5-743CEA451921}.Debug|Any CPU.ActiveCfg = Debug|Any CPU
		{08D382E4-93C0-47EF-B5A5-743CEA451921}.Debug|Any CPU.Build.0 = Debug|Any CPU
		{08D382E4-93C0-47EF-B5A5-743CEA451921}.Release|Any CPU.ActiveCfg = Release|Any CPU
		{08D382E4-93C0-47EF-B5A5-743CEA451921}.Release|Any CPU.Build.0 = Release|Any CPU
		{8ECE51FD-ED1D-4FD4-ADC6-C60EDB35B251}.Debug|Any CPU.ActiveCfg = Debug|Any CPU
		{8ECE51FD-ED1D-4FD4-ADC6-C60EDB35B251}.Debug|Any CPU.Build.0 = Debug|Any CPU
		{8ECE51FD-ED1D-4FD4-ADC6-C60EDB35B251}.Release|Any CPU.ActiveCfg = Release|Any CPU
		{8ECE51FD-ED1D-4FD4-ADC6-C60EDB35B251}.Release|Any CPU.Build.0 = Release|Any CPU
	EndGlobalSection
	GlobalSection(SolutionProperties) = preSolution
		HideSolutionNode = FALSE
	EndGlobalSection
	GlobalSection(ExtensibilityGlobals) = postSolution
		SolutionGuid = {825A2B48-E7C3-4F69-A7A3-8CF9336DD293}
	EndGlobalSection
EndGlobal
